<?xml version="1.0" encoding="utf-8"?>
<Project ToolsVersion="4.0" xmlns="http://schemas.microsoft.com/developer/msbuild/2003">
  <ItemGroup>
    <Filter Include="Исходные файлы">
      <UniqueIdentifier>{4FC737F1-C7A5-4376-A066-2A32D752A2FF}</UniqueIdentifier>
      <Extensions>cpp;c;cc;cxx;c++;cppm;ixx;def;odl;idl;hpj;bat;asm;asmx</Extensions>
    </Filter>
    <Filter Include="Файлы заголовков">
      <UniqueIdentifier>{93995380-89BD-4b04-88EB-625FBE52EBFB}</UniqueIdentifier>
      <Extensions>h;hh;hpp;hxx;h++;hm;inl;inc;ipp;xsd</Extensions>
    </Filter>
    <Filter Include="Файлы ресурсов">
      <UniqueIdentifier>{67DA6AB6-F800-4c08-8B7A-83BB121AAD01}</UniqueIdentifier>
      <Extensions>rc;ico;cur;bmp;dlg;rc2;rct;bin;rgs;gif;jpg;jpeg;jpe;resx;tiff;tif;png;wav;mfcribbon-ms</Extensions>
    </Filter>
    <Filter Include="Исходные файлы\sha256">
      <UniqueIdentifier>{503e64bd-a4b6-4d1b-88c0-af6585b08f27}</UniqueIdentifier>
    </Filter>
    <Filter Include="Исходные файлы\sqlite">
      <UniqueIdentifier>{40162ee7-24a0-44cf-9555-cf5f9710caf7}</UniqueIdentifier>
    </Filter>
    <Filter Include="Исходные файлы\json">
      <UniqueIdentifier>{453d1451-80db-4673-b34e-b8ac99f0cd73}</UniqueIdentifier>
    </Filter>
  </ItemGroup>
  <ItemGroup>
    <ClCompile Include="Main.cpp">
      <Filter>Исходные файлы</Filter>
    </ClCompile>
    <ClCompile Include="SystemManager.cpp">
      <Filter>Исходные файлы</Filter>
    </ClCompile>
    <ClCompile Include="DatabaseManager.cpp">
      <Filter>Исходные файлы</Filter>
    </ClCompile>
    <ClCompile Include="User.cpp">
      <Filter>Исходные файлы</Filter>
    </ClCompile>
    <ClCompile Include="sha256\sha256.c">
      <Filter>Исходные файлы\sha256</Filter>
    </ClCompile>
    <ClCompile Include="sqlite\shell.c">
      <Filter>Исходные файлы\sqlite</Filter>
    </ClCompile>
    <ClCompile Include="sqlite\sqlite3.c">
      <Filter>Исходные файлы\sqlite</Filter>
    </ClCompile>
    <ClCompile Include="AdminArea.cpp">
      <Filter>Исходные файлы</Filter>
    </ClCompile>
    <ClCompile Include="TestResult.cpp">
      <Filter>Исходные файлы</Filter>
    </ClCompile>
    <ClCompile Include="TesterArea.cpp">
      <Filter>Исходные файлы</Filter>
    </ClCompile>
  </ItemGroup>
  <ItemGroup>
    <ClInclude Include="User.h">
      <Filter>Файлы заголовков</Filter>
    </ClInclude>
    <ClInclude Include="SystemManager.h">
      <Filter>Файлы заголовков</Filter>
    </ClInclude>
    <ClInclude Include="Includes.h">
      <Filter>Файлы заголовков</Filter>
    </ClInclude>
    <ClInclude Include="DatabaseManager.h">
      <Filter>Файлы заголовков</Filter>
    </ClInclude>
    <ClInclude Include="sha256\sha256.h">
      <Filter>Исходные файлы\sha256</Filter>
    </ClInclude>
    <ClInclude Include="sqlite\sqlite3.h">
      <Filter>Исходные файлы\sqlite</Filter>
    </ClInclude>
    <ClInclude Include="sqlite\sqlite3ext.h">
      <Filter>Исходные файлы\sqlite</Filter>
    </ClInclude>
    <ClInclude Include="AdminArea.h">
      <Filter>Файлы заголовков</Filter>
    </ClInclude>
    <ClInclude Include="TesterArea.h">
      <Filter>Файлы заголовков</Filter>
    </ClInclude>
    <ClInclude Include="TestResult.h">
      <Filter>Файлы заголовков</Filter>
    </ClInclude>
    <ClInclude Include="json\jsoncpp-1.9.5\include\json\allocator.h">
      <Filter>Исходные файлы\json</Filter>
    </ClInclude>
    <ClInclude Include="json\jsoncpp-1.9.5\include\json\assertions.h">
      <Filter>Исходные файлы\json</Filter>
    </ClInclude>
    <ClInclude Include="json\jsoncpp-1.9.5\include\json\config.h">
      <Filter>Исходные файлы\json</Filter>
    </ClInclude>
    <ClInclude Include="json\jsoncpp-1.9.5\include\json\forwards.h">
      <Filter>Исходные файлы\json</Filter>
    </ClInclude>
    <ClInclude Include="json\jsoncpp-1.9.5\include\json\json.h">
      <Filter>Исходные файлы\json</Filter>
    </ClInclude>
    <ClInclude Include="json\jsoncpp-1.9.5\include\json\json_features.h">
      <Filter>Исходные файлы\json</Filter>
    </ClInclude>
    <ClInclude Include="json\jsoncpp-1.9.5\include\json\reader.h">
      <Filter>Исходные файлы\json</Filter>
    </ClInclude>
    <ClInclude Include="json\jsoncpp-1.9.5\include\json\value.h">
      <Filter>Исходные файлы\json</Filter>
    </ClInclude>
    <ClInclude Include="json\jsoncpp-1.9.5\include\json\version.h">
      <Filter>Исходные файлы\json</Filter>
    </ClInclude>
    <ClInclude Include="json\jsoncpp-1.9.5\include\json\writer.h">
      <Filter>Исходные файлы\json</Filter>
    </ClInclude>
    <ClInclude Include="Test.h">
      <Filter>Файлы заголовков</Filter>
    </ClInclude>
  </ItemGroup>
</Project>